
Microsoft Visual Studio Solution File, Format Version 12.00
# Visual Studio 15
VisualStudioVersion = 15.0.27130.2036
MinimumVisualStudioVersion = 10.0.40219.1
Project("{FAE04EC0-301F-11D3-BF4B-00C04F79EFBC}") = "SimpleControlField", "SimpleControlField\SimpleControlField.csproj", "{429E66EC-AA57-47E7-8740-E39E27F1C8B2}"
EndProject
Global
	GlobalSection(SolutionConfigurationPlatforms) = preSolution
		Debug|Any CPU = Debug|Any CPU
		Release|Any CPU = Release|Any CPU
	EndGlobalSection
	GlobalSection(ProjectConfigurationPlatforms) = postSolution
		{429E66EC-AA57-47E7-8740-E39E27F1C8B2}.Debug|Any CPU.ActiveCfg = Debug|Any CPU
		{429E66EC-AA57-47E7-8740-E39E27F1C8B2}.Debug|Any CPU.Build.0 = Debug|Any CPU
		{429E66EC-AA57-47E7-8740-E39E27F1C8B2}.Release|Any CPU.ActiveCfg = Release|Any CPU
		{429E66EC-AA57-47E7-8740-E39E27F1C8B2}.Release|Any CPU.Build.0 = Release|Any CPU
	EndGlobalSection
	GlobalSection(SolutionProperties) = preSolution
		HideSolutionNode = FALSE
	EndGlobalSection
	GlobalSection(ExtensibilityGlobals) = postSolution
		SolutionGuid = {805A78D7-30F1-44EC-B1AA-8F35D9974481}
	EndGlobalSection
EndGlobal
